
Microsoft Visual Studio Solution File, Format Version 12.00
# Visual Studio Version 17
VisualStudioVersion = 17.5.33530.505
MinimumVisualStudioVersion = 10.0.40219.1
Project("{9A19103F-16F7-4668-BE54-9A1E7A4F7556}") = "AracIhale.UI", "AracIhale\AracIhale.UI.csproj", "{78D2F60A-C340-4124-AF67-96216B1B0FE9}"
EndProject
Project("{FAE04EC0-301F-11D3-BF4B-00C04F79EFBC}") = "AracIhale.API", "AracIhale.API\AracIhale.API.csproj", "{80D71F15-E5DC-41A5-957D-C588B61310A3}"
EndProject
Global
	GlobalSection(SolutionConfigurationPlatforms) = preSolution
		Debug|Any CPU = Debug|Any CPU
		Release|Any CPU = Release|Any CPU
	EndGlobalSection
	GlobalSection(ProjectConfigurationPlatforms) = postSolution
		{78D2F60A-C340-4124-AF67-96216B1B0FE9}.Debug|Any CPU.ActiveCfg = Debug|Any CPU
		{78D2F60A-C340-4124-AF67-96216B1B0FE9}.Debug|Any CPU.Build.0 = Debug|Any CPU
		{78D2F60A-C340-4124-AF67-96216B1B0FE9}.Release|Any CPU.ActiveCfg = Release|Any CPU
		{78D2F60A-C340-4124-AF67-96216B1B0FE9}.Release|Any CPU.Build.0 = Release|Any CPU
		{80D71F15-E5DC-41A5-957D-C588B61310A3}.Debug|Any CPU.ActiveCfg = Debug|Any CPU
		{80D71F15-E5DC-41A5-957D-C588B61310A3}.Debug|Any CPU.Build.0 = Debug|Any CPU
		{80D71F15-E5DC-41A5-957D-C588B61310A3}.Release|Any CPU.ActiveCfg = Release|Any CPU
		{80D71F15-E5DC-41A5-957D-C588B61310A3}.Release|Any CPU.Build.0 = Release|Any CPU
	EndGlobalSection
	GlobalSection(SolutionProperties) = preSolution
		HideSolutionNode = FALSE
	EndGlobalSection
	GlobalSection(ExtensibilityGlobals) = postSolution
		SolutionGuid = {B1476666-8689-49F1-8B05-951C22F1F0EE}
	EndGlobalSection
EndGlobal
